// !$*UTF8*$!
{
	archiveVersion = 1;
	classes = {
	};
	objectVersion = 56;
	objects = {

/* Begin PBXBuildFile section */
		84D27A37299AD5690038AE25 /* AppEntry.swift in Sources */ = {isa = PBXBuildFile; fileRef = 84D27A36299AD5690038AE25 /* AppEntry.swift */; };
		84D27A39299AD5690038AE25 /* StartView.swift in Sources */ = {isa = PBXBuildFile; fileRef = 84D27A38299AD5690038AE25 /* StartView.swift */; };
		84D27A3B299AD56D0038AE25 /* Assets.xcassets in Resources */ = {isa = PBXBuildFile; fileRef = 84D27A3A299AD56D0038AE25 /* Assets.xcassets */; };
		84D27A3E299AD56D0038AE25 /* Preview Assets.xcassets in Resources */ = {isa = PBXBuildFile; fileRef = 84D27A3D299AD56D0038AE25 /* Preview Assets.xcassets */; };
		84D27A45299AD9950038AE25 /* Launch Screen.storyboard in Resources */ = {isa = PBXBuildFile; fileRef = 84D27A44299AD9950038AE25 /* Launch Screen.storyboard */; };
		84D27A48299ADE020038AE25 /* GameModels.swift in Sources */ = {isa = PBXBuildFile; fileRef = 84D27A47299ADE020038AE25 /* GameModels.swift */; };
		84D27A87299D820D0038AE25 /* ViewModifier.swift in Sources */ = {isa = PBXBuildFile; fileRef = 84D27A86299D820D0038AE25 /* ViewModifier.swift */; };
		84D27A8A299D863C0038AE25 /* GameView.swift in Sources */ = {isa = PBXBuildFile; fileRef = 84D27A89299D863C0038AE25 /* GameView.swift */; };
		84D27A8C29A417AC0038AE25 /* GameService.swift in Sources */ = {isa = PBXBuildFile; fileRef = 84D27A8B29A417AC0038AE25 /* GameService.swift */; };
		84D27A8E29A6BEFD0038AE25 /* GameSquare.swift in Sources */ = {isa = PBXBuildFile; fileRef = 84D27A8D29A6BEFD0038AE25 /* GameSquare.swift */; };
		84D27A9029A6C2DB0038AE25 /* GameSquare.swift in Sources */ = {isa = PBXBuildFile; fileRef = 84D27A8F29A6C2DB0038AE25 /* GameSquare.swift */; };
/* End PBXBuildFile section */

/* Begin PBXFileReference section */
		84D27A33299AD5690038AE25 /* TicTacToe.app */ = {isa = PBXFileReference; explicitFileType = wrapper.application; includeInIndex = 0; path = TicTacToe.app; sourceTree = BUILT_PRODUCTS_DIR; };
		84D27A36299AD5690038AE25 /* AppEntry.swift */ = {isa = PBXFileReference; lastKnownFileType = sourcecode.swift; path = AppEntry.swift; sourceTree = "<group>"; };
		84D27A38299AD5690038AE25 /* StartView.swift */ = {isa = PBXFileReference; lastKnownFileType = sourcecode.swift; path = StartView.swift; sourceTree = "<group>"; };
		84D27A3A299AD56D0038AE25 /* Assets.xcassets */ = {isa = PBXFileReference; lastKnownFileType = folder.assetcatalog; path = Assets.xcassets; sourceTree = "<group>"; };
		84D27A3D299AD56D0038AE25 /* Preview Assets.xcassets */ = {isa = PBXFileReference; lastKnownFileType = folder.assetcatalog; path = "Preview Assets.xcassets"; sourceTree = "<group>"; };
		84D27A44299AD9950038AE25 /* Launch Screen.storyboard */ = {isa = PBXFileReference; lastKnownFileType = file.storyboard; path = "Launch Screen.storyboard"; sourceTree = "<group>"; };
		84D27A47299ADE020038AE25 /* GameModels.swift */ = {isa = PBXFileReference; lastKnownFileType = sourcecode.swift; path = GameModels.swift; sourceTree = "<group>"; };
		84D27A86299D820D0038AE25 /* ViewModifier.swift */ = {isa = PBXFileReference; lastKnownFileType = sourcecode.swift; path = ViewModifier.swift; sourceTree = "<group>"; };
		84D27A89299D863C0038AE25 /* GameView.swift */ = {isa = PBXFileReference; lastKnownFileType = sourcecode.swift; path = GameView.swift; sourceTree = "<group>"; };
		84D27A8B29A417AC0038AE25 /* GameService.swift */ = {isa = PBXFileReference; lastKnownFileType = sourcecode.swift; path = GameService.swift; sourceTree = "<group>"; };
		84D27A8D29A6BEFD0038AE25 /* GameSquare.swift */ = {isa = PBXFileReference; lastKnownFileType = sourcecode.swift; path = GameSquare.swift; sourceTree = "<group>"; };
		84D27A8F29A6C2DB0038AE25 /* GameSquare.swift */ = {isa = PBXFileReference; fileEncoding = 4; lastKnownFileType = sourcecode.swift; name = GameSquare.swift; path = ../../../TicTacToee/GameSquare.swift; sourceTree = "<group>"; };
/* End PBXFileReference section */

/* Begin PBXFrameworksBuildPhase section */
		84D27A30299AD5690038AE25 /* Frameworks */ = {
			isa = PBXFrameworksBuildPhase;
			buildActionMask = 2147483647;
			files = (
			);
			runOnlyForDeploymentPostprocessing = 0;
		};
/* End PBXFrameworksBuildPhase section */

/* Begin PBXGroup section */
		84D27A2A299AD5690038AE25 = {
			isa = PBXGroup;
			children = (
				84D27A35299AD5690038AE25 /* TicTacToe */,
				84D27A34299AD5690038AE25 /* Products */,
			);
			sourceTree = "<group>";
		};
		84D27A34299AD5690038AE25 /* Products */ = {
			isa = PBXGroup;
			children = (
				84D27A33299AD5690038AE25 /* TicTacToe.app */,
			);
			name = Products;
			sourceTree = "<group>";
		};
		84D27A35299AD5690038AE25 /* TicTacToe */ = {
			isa = PBXGroup;
			children = (
				84D27A36299AD5690038AE25 /* AppEntry.swift */,
				84D27A88299D85F60038AE25 /* GameScreen */,
				84D27A38299AD5690038AE25 /* StartView.swift */,
				84D27A85299D81B50038AE25 /* Utilities */,
				84D27A46299ADD7F0038AE25 /* Models */,
				84D27A3A299AD56D0038AE25 /* Assets.xcassets */,
				84D27A44299AD9950038AE25 /* Launch Screen.storyboard */,
				84D27A3C299AD56D0038AE25 /* Preview Content */,
			);
			path = TicTacToe;
			sourceTree = "<group>";
		};
		84D27A3C299AD56D0038AE25 /* Preview Content */ = {
			isa = PBXGroup;
			children = (
				84D27A3D299AD56D0038AE25 /* Preview Assets.xcassets */,
			);
			path = "Preview Content";
			sourceTree = "<group>";
		};
		84D27A46299ADD7F0038AE25 /* Models */ = {
			isa = PBXGroup;
			children = (
				84D27A47299ADE020038AE25 /* GameModels.swift */,
			);
			path = Models;
			sourceTree = "<group>";
		};
		84D27A85299D81B50038AE25 /* Utilities */ = {
			isa = PBXGroup;
			children = (
				84D27A86299D820D0038AE25 /* ViewModifier.swift */,
			);
			path = Utilities;
			sourceTree = "<group>";
		};
		84D27A88299D85F60038AE25 /* GameScreen */ = {
			isa = PBXGroup;
			children = (
				84D27A89299D863C0038AE25 /* GameView.swift */,
				84D27A8B29A417AC0038AE25 /* GameService.swift */,
				84D27A8D29A6BEFD0038AE25 /* GameSquare.swift */,
				84D27A8F29A6C2DB0038AE25 /* GameSquare.swift */,
			);
			path = GameScreen;
			sourceTree = "<group>";
		};
/* End PBXGroup section */

/* Begin PBXNativeTarget section */
		84D27A32299AD5690038AE25 /* TicTacToe */ = {
			isa = PBXNativeTarget;
			buildConfigurationList = 84D27A41299AD56D0038AE25 /* Build configuration list for PBXNativeTarget "TicTacToe" */;
			buildPhases = (
				84D27A2F299AD5690038AE25 /* Sources */,
				84D27A30299AD5690038AE25 /* Frameworks */,
				84D27A31299AD5690038AE25 /* Resources */,
			);
			buildRules = (
			);
			dependencies = (
			);
			name = TicTacToe;
			productName = TicTacToe;
			productReference = 84D27A33299AD5690038AE25 /* TicTacToe.app */;
			productType = "com.apple.product-type.application";
		};
/* End PBXNativeTarget section */

/* Begin PBXProject section */
		84D27A2B299AD5690038AE25 /* Project object */ = {
			isa = PBXProject;
			attributes = {
				BuildIndependentTargetsInParallel = 1;
				LastSwiftUpdateCheck = 1420;
				LastUpgradeCheck = 1420;
				TargetAttributes = {
					84D27A32299AD5690038AE25 = {
						CreatedOnToolsVersion = 14.2;
					};
				};
			};
			buildConfigurationList = 84D27A2E299AD5690038AE25 /* Build configuration list for PBXProject "TicTacToe" */;
			compatibilityVersion = "Xcode 14.0";
			developmentRegion = en;
			hasScannedForEncodings = 0;
			knownRegions = (
				en,
				Base,
			);
			mainGroup = 84D27A2A299AD5690038AE25;
			productRefGroup = 84D27A34299AD5690038AE25 /* Products */;
			projectDirPath = "";
			projectRoot = "";
			targets = (
				84D27A32299AD5690038AE25 /* TicTacToe */,
			);
		};
/* End PBXProject section */

/* Begin PBXResourcesBuildPhase section */
		84D27A31299AD5690038AE25 /* Resources */ = {
			isa = PBXResourcesBuildPhase;
			buildActionMask = 2147483647;
			files = (
				84D27A45299AD9950038AE25 /* Launch Screen.storyboard in Resources */,
				84D27A3E299AD56D0038AE25 /* Preview Assets.xcassets in Resources */,
				84D27A3B299AD56D0038AE25 /* Assets.xcassets in Resources */,
			);
			runOnlyForDeploymentPostprocessing = 0;
		};
/* End PBXResourcesBuildPhase section */

/* Begin PBXSourcesBuildPhase section */
		84D27A2F299AD5690038AE25 /* Sources */ = {
			isa = PBXSourcesBuildPhase;
			buildActionMask = 2147483647;
			files = (
				84D27A39299AD5690038AE25 /* StartView.swift in Sources */,
				84D27A48299ADE020038AE25 /* GameModels.swift in Sources */,
				84D27A37299AD5690038AE25 /* AppEntry.swift in Sources */,
				84D27A8C29A417AC0038AE25 /* GameService.swift in Sources */,
				84D27A87299D820D0038AE25 /* ViewModifier.swift in Sources */,
				84D27A8A299D863C0038AE25 /* GameView.swift in Sources */,
				84D27A9029A6C2DB0038AE25 /* GameSquare.swift in Sources */,
				84D27A8E29A6BEFD0038AE25 /* GameSquare.swift in Sources */,
			);
			runOnlyForDeploymentPostprocessing = 0;
		};
/* End PBXSourcesBuildPhase section */

/* Begin XCBuildConfiguration section */
		84D27A3F299AD56D0038AE25 /* Debug */ = {
			isa = XCBuildConfiguration;
			buildSettings = {
				ALWAYS_SEARCH_USER_PATHS = NO;
				CLANG_ANALYZER_NONNULL = YES;
				CLANG_ANALYZER_NUMBER_OBJECT_CONVERSION = YES_AGGRESSIVE;
				CLANG_CXX_LANGUAGE_STANDARD = "gnu++20";
				CLANG_ENABLE_MODULES = YES;
				CLANG_ENABLE_OBJC_ARC = YES;
				CLANG_ENABLE_OBJC_WEAK = YES;
				CLANG_WARN_BLOCK_CAPTURE_AUTORELEASING = YES;
				CLANG_WARN_BOOL_CONVERSION = YES;
				CLANG_WARN_COMMA = YES;
				CLANG_WARN_CONSTANT_CONVERSION = YES;
				CLANG_WARN_DEPRECATED_OBJC_IMPLEMENTATIONS = YES;
				CLANG_WARN_DIRECT_OBJC_ISA_USAGE = YES_ERROR;
				CLANG_WARN_DOCUMENTATION_COMMENTS = YES;
				CLANG_WARN_EMPTY_BODY = YES;
				CLANG_WARN_ENUM_CONVERSION = YES;
				CLANG_WARN_INFINITE_RECURSION = YES;
				CLANG_WARN_INT_CONVERSION = YES;
				CLANG_WARN_NON_LITERAL_NULL_CONVERSION = YES;
				CLANG_WARN_OBJC_IMPLICIT_RETAIN_SELF = YES;
				CLANG_WARN_OBJC_LITERAL_CONVERSION = YES;
				CLANG_WARN_OBJC_ROOT_CLASS = YES_ERROR;
				CLANG_WARN_QUOTED_INCLUDE_IN_FRAMEWORK_HEADER = YES;
				CLANG_WARN_RANGE_LOOP_ANALYSIS = YES;
				CLANG_WARN_STRICT_PROTOTYPES = YES;
				CLANG_WARN_SUSPICIOUS_MOVE = YES;
				CLANG_WARN_UNGUARDED_AVAILABILITY = YES_AGGRESSIVE;
				CLANG_WARN_UNREACHABLE_CODE = YES;
				CLANG_WARN__DUPLICATE_METHOD_MATCH = YES;
				COPY_PHASE_STRIP = NO;
				DEBUG_INFORMATION_FORMAT = dwarf;
				ENABLE_STRICT_OBJC_MSGSEND = YES;
				ENABLE_TESTABILITY = YES;
				GCC_C_LANGUAGE_STANDARD = gnu11;
				GCC_DYNAMIC_NO_PIC = NO;
				GCC_NO_COMMON_BLOCKS = YES;
				GCC_OPTIMIZATION_LEVEL = 0;
				GCC_PREPROCESSOR_DEFINITIONS = (
					"DEBUG=1",
					"$(inherited)",
				);
				GCC_WARN_64_TO_32_BIT_CONVERSION = YES;
				GCC_WARN_ABOUT_RETURN_TYPE = YES_ERROR;
				GCC_WARN_UNDECLARED_SELECTOR = YES;
				GCC_WARN_UNINITIALIZED_AUTOS = YES_AGGRESSIVE;
				GCC_WARN_UNUSED_FUNCTION = YES;
				GCC_WARN_UNUSED_VARIABLE = YES;
				IPHONEOS_DEPLOYMENT_TARGET = 15.0;
				MTL_ENABLE_DEBUG_INFO = INCLUDE_SOURCE;
				MTL_FAST_MATH = YES;
				ONLY_ACTIVE_ARCH = YES;
				SDKROOT = iphoneos;
				SWIFT_ACTIVE_COMPILATION_CONDITIONS = DEBUG;
				SWIFT_OPTIMIZATION_LEVEL = "-Onone";
			};
			name = Debug;
		};
		84D27A40299AD56D0038AE25 /* Release */ = {
			isa = XCBuildConfiguration;
			buildSettings = {
				ALWAYS_SEARCH_USER_PATHS = NO;
				CLANG_ANALYZER_NONNULL = YES;
				CLANG_ANALYZER_NUMBER_OBJECT_CONVERSION = YES_AGGRESSIVE;
				CLANG_CXX_LANGUAGE_STANDARD = "gnu++20";
				CLANG_ENABLE_MODULES = YES;
				CLANG_ENABLE_OBJC_ARC = YES;
				CLANG_ENABLE_OBJC_WEAK = YES;
				CLANG_WARN_BLOCK_CAPTURE_AUTORELEASING = YES;
				CLANG_WARN_BOOL_CONVERSION = YES;
				CLANG_WARN_COMMA = YES;
				CLANG_WARN_CONSTANT_CONVERSION = YES;
				CLANG_WARN_DEPRECATED_OBJC_IMPLEMENTATIONS = YES;
				CLANG_WARN_DIRECT_OBJC_ISA_USAGE = YES_ERROR;
				CLANG_WARN_DOCUMENTATION_COMMENTS = YES;
				CLANG_WARN_EMPTY_BODY = YES;
				CLANG_WARN_ENUM_CONVERSION = YES;
				CLANG_WARN_INFINITE_RECURSION = YES;
				CLANG_WARN_INT_CONVERSION = YES;
				CLANG_WARN_NON_LITERAL_NULL_CONVERSION = YES;
				CLANG_WARN_OBJC_IMPLICIT_RETAIN_SELF = YES;
				CLANG_WARN_OBJC_LITERAL_CONVERSION = YES;
				CLANG_WARN_OBJC_ROOT_CLASS = YES_ERROR;
				CLANG_WARN_QUOTED_INCLUDE_IN_FRAMEWORK_HEADER = YES;
				CLANG_WARN_RANGE_LOOP_ANALYSIS = YES;
				CLANG_WARN_STRICT_PROTOTYPES = YES;
				CLANG_WARN_SUSPICIOUS_MOVE = YES;
				CLANG_WARN_UNGUARDED_AVAILABILITY = YES_AGGRESSIVE;
				CLANG_WARN_UNREACHABLE_CODE = YES;
				CLANG_WARN__DUPLICATE_METHOD_MATCH = YES;
				COPY_PHASE_STRIP = NO;
				DEBUG_INFORMATION_FORMAT = "dwarf-with-dsym";
				ENABLE_NS_ASSERTIONS = NO;
				ENABLE_STRICT_OBJC_MSGSEND = YES;
				GCC_C_LANGUAGE_STANDARD = gnu11;
				GCC_NO_COMMON_BLOCKS = YES;
				GCC_WARN_64_TO_32_BIT_CONVERSION = YES;
				GCC_WARN_ABOUT_RETURN_TYPE = YES_ERROR;
				GCC_WARN_UNDECLARED_SELECTOR = YES;
				GCC_WARN_UNINITIALIZED_AUTOS = YES_AGGRESSIVE;
				GCC_WARN_UNUSED_FUNCTION = YES;
				GCC_WARN_UNUSED_VARIABLE = YES;
				IPHONEOS_DEPLOYMENT_TARGET = 15.0;
				MTL_ENABLE_DEBUG_INFO = NO;
				MTL_FAST_MATH = YES;
				SDKROOT = iphoneos;
				SWIFT_COMPILATION_MODE = wholemodule;
				SWIFT_OPTIMIZATION_LEVEL = "-O";
				VALIDATE_PRODUCT = YES;
			};
			name = Release;
		};
		84D27A42299AD56D0038AE25 /* Debug */ = {
			isa = XCBuildConfiguration;
			buildSettings = {
				ASSETCATALOG_COMPILER_APPICON_NAME = AppIcon;
				ASSETCATALOG_COMPILER_GLOBAL_ACCENT_COLOR_NAME = AccentColor;
				CODE_SIGN_STYLE = Automatic;
				CURRENT_PROJECT_VERSION = 1;
				DEVELOPMENT_ASSET_PATHS = "\"TicTacToe/Preview Content\"";
				ENABLE_PREVIEWS = YES;
				GENERATE_INFOPLIST_FILE = YES;
				INFOPLIST_KEY_UIApplicationSceneManifest_Generation = YES;
				INFOPLIST_KEY_UIApplicationSupportsIndirectInputEvents = YES;
				INFOPLIST_KEY_UILaunchScreen_Generation = YES;
				INFOPLIST_KEY_UILaunchStoryboardName = "Launch Screen.storyboard";
				INFOPLIST_KEY_UISupportedInterfaceOrientations = UIInterfaceOrientationPortrait;
				INFOPLIST_KEY_UISupportedInterfaceOrientations_iPad = "UIInterfaceOrientationLandscapeLeft UIInterfaceOrientationLandscapeRight UIInterfaceOrientationPortrait UIInterfaceOrientationPortraitUpsideDown";
				IPHONEOS_DEPLOYMENT_TARGET = 15.0;
				LD_RUNPATH_SEARCH_PATHS = (
					"$(inherited)",
					"@executable_path/Frameworks",
				);
				MARKETING_VERSION = 1.0;
				PRODUCT_BUNDLE_IDENTIFIER = "Naysa-Alex.TicTacToe";
				PRODUCT_NAME = "$(TARGET_NAME)";
				SWIFT_EMIT_LOC_STRINGS = YES;
				SWIFT_VERSION = 5.0;
				TARGETED_DEVICE_FAMILY = "1,2";
			};
			name = Debug;
		};
		84D27A43299AD56D0038AE25 /* Release */ = {
			isa = XCBuildConfiguration;
			buildSettings = {
				ASSETCATALOG_COMPILER_APPICON_NAME = AppIcon;
				ASSETCATALOG_COMPILER_GLOBAL_ACCENT_COLOR_NAME = AccentColor;
				CODE_SIGN_STYLE = Automatic;
				CURRENT_PROJECT_VERSION = 1;
				DEVELOPMENT_ASSET_PATHS = "\"TicTacToe/Preview Content\"";
				ENABLE_PREVIEWS = YES;
				GENERATE_INFOPLIST_FILE = YES;
				INFOPLIST_KEY_UIApplicationSceneManifest_Generation = YES;
				INFOPLIST_KEY_UIApplicationSupportsIndirectInputEvents = YES;
				INFOPLIST_KEY_UILaunchScreen_Generation = YES;
				INFOPLIST_KEY_UILaunchStoryboardName = "Launch Screen.storyboard";
				INFOPLIST_KEY_UISupportedInterfaceOrientations = UIInterfaceOrientationPortrait;
				INFOPLIST_KEY_UISupportedInterfaceOrientations_iPad = "UIInterfaceOrientationLandscapeLeft UIInterfaceOrientationLandscapeRight UIInterfaceOrientationPortrait UIInterfaceOrientationPortraitUpsideDown";
				IPHONEOS_DEPLOYMENT_TARGET = 15.0;
				LD_RUNPATH_SEARCH_PATHS = (
					"$(inherited)",
					"@executable_path/Frameworks",
				);
				MARKETING_VERSION = 1.0;
				PRODUCT_BUNDLE_IDENTIFIER = "Naysa-Alex.TicTacToe";
				PRODUCT_NAME = "$(TARGET_NAME)";
				SWIFT_EMIT_LOC_STRINGS = YES;
				SWIFT_VERSION = 5.0;
				TARGETED_DEVICE_FAMILY = "1,2";
			};
			name = Release;
		};
/* End XCBuildConfiguration section */

/* Begin XCConfigurationList section */
		84D27A2E299AD5690038AE25 /* Build configuration list for PBXProject "TicTacToe" */ = {
			isa = XCConfigurationList;
			buildConfigurations = (
				84D27A3F299AD56D0038AE25 /* Debug */,
				84D27A40299AD56D0038AE25 /* Release */,
			);
			defaultConfigurationIsVisible = 0;
			defaultConfigurationName = Release;
		};
		84D27A41299AD56D0038AE25 /* Build configuration list for PBXNativeTarget "TicTacToe" */ = {
			isa = XCConfigurationList;
			buildConfigurations = (
				84D27A42299AD56D0038AE25 /* Debug */,
				84D27A43299AD56D0038AE25 /* Release */,
			);
			defaultConfigurationIsVisible = 0;
			defaultConfigurationName = Release;
		};
/* End XCConfigurationList section */
	};
	rootObject = 84D27A2B299AD5690038AE25 /* Project object */;
}
